PODS:
  - AdditionCalculator (1.0.0)

DEPENDENCIES:
  - AdditionCalculator (from `https://github.com/mim-dev/AdditionCalculator`, tag `2.0.0`)

EXTERNAL SOURCES:
  AdditionCalculator:
    :git: https://github.com/mim-dev/AdditionCalculator
    :tag: 2.0.0

CHECKOUT OPTIONS:
  AdditionCalculator:
    :git: https://github.com/mim-dev/AdditionCalculator
    :tag: 2.0.0

SPEC CHECKSUMS:
  AdditionCalculator: edae35a491223648c9a6047593670002a923eedf

PODFILE CHECKSUM: 1eaf70078000b430af338c7338506778dd708133

COCOAPODS: 1.11.3
